
Microsoft Visual Studio Solution File, Format Version 12.00
# Visual Studio Version 17
VisualStudioVersion = 17.14.37628.2 d17.14
MinimumVisualStudioVersion = 10.0.40219.1
Project("{FAE04EC0-301F-11D3-BF4B-00C04F79EFBC}") = "Exemplo_NavigationPage", "Exemplo_NavigationPage\Exemplo_NavigationPage.csproj", "{35361C60-54B7-4536-9B56-E822F732FB69}"
EndProject
Global
	GlobalSection(SolutionConfigurationPlatforms) = preSolution
		Debug|Any CPU = Debug|Any CPU
		Release|Any CPU = Release|Any CPU
	EndGlobalSection
	GlobalSection(ProjectConfigurationPlatforms) = postSolution
		{35361C60-54B7-4536-9B56-E822F732FB69}.Debug|Any CPU.ActiveCfg = Debug|Any CPU
		{35361C60-54B7-4536-9B56-E822F732FB69}.Debug|Any CPU.Build.0 = Debug|Any CPU
		{35361C60-54B7-4536-9B56-E822F732FB69}.Release|Any CPU.ActiveCfg = Release|Any CPU
		{35361C60-54B7-4536-9B56-E822F732FB69}.Release|Any CPU.Build.0 = Release|Any CPU
	EndGlobalSection
	GlobalSection(SolutionProperties) = preSolution
		HideSolutionNode = FALSE
	EndGlobalSection
	GlobalSection(ExtensibilityGlobals) = postSolution
		SolutionGuid = {F577ED00-1AED-4BB9-B50B-64A43D79BA84}
	EndGlobalSection
EndGlobal
